// !$*UTF8*$!
{
	archiveVersion = 1;
	classes = {
	};
	objectVersion = 50;
	objects = {

/* Begin PBXBuildFile section */
		4D0CCDEF26A359B40054DBE3 /* CardContentConverter.swift in Sources */ = {isa = PBXBuildFile; fileRef = 4D0CCDEE26A359B40054DBE3 /* CardContentConverter.swift */; };
		4DC4B89E26A05F0D00CCA4BF /* SetApp.swift in Sources */ = {isa = PBXBuildFile; fileRef = 4DC4B89D26A05F0D00CCA4BF /* SetApp.swift */; };
		4DC4B8A026A05F0D00CCA4BF /* SymbolSetGameView.swift in Sources */ = {isa = PBXBuildFile; fileRef = 4DC4B89F26A05F0D00CCA4BF /* SymbolSetGameView.swift */; };
		4DC4B8A226A05F0E00CCA4BF /* Assets.xcassets in Resources */ = {isa = PBXBuildFile; fileRef = 4DC4B8A126A05F0E00CCA4BF /* Assets.xcassets */; };
		4DC4B8A526A05F0E00CCA4BF /* Preview Assets.xcassets in Resources */ = {isa = PBXBuildFile; fileRef = 4DC4B8A426A05F0E00CCA4BF /* Preview Assets.xcassets */; };
		4DC4B8AE26A05FD200CCA4BF /* AspectVGrid.swift in Sources */ = {isa = PBXBuildFile; fileRef = 4DC4B8AD26A05FD200CCA4BF /* AspectVGrid.swift */; };
		4DC4B8B126A0627700CCA4BF /* SetGame.swift in Sources */ = {isa = PBXBuildFile; fileRef = 4DC4B8B026A0627700CCA4BF /* SetGame.swift */; };
		4DC4B8B426A0635700CCA4BF /* SymbolSetGame.swift in Sources */ = {isa = PBXBuildFile; fileRef = 4DC4B8B326A0635700CCA4BF /* SymbolSetGame.swift */; };
		4DC4B8BB26A1915000CCA4BF /* Diamond.swift in Sources */ = {isa = PBXBuildFile; fileRef = 4DC4B8BA26A1915000CCA4BF /* Diamond.swift */; };
		4DC4B8BF26A1A85600CCA4BF /* SetGameCardContent.swift in Sources */ = {isa = PBXBuildFile; fileRef = 4DC4B8BE26A1A85600CCA4BF /* SetGameCardContent.swift */; };
/* End PBXBuildFile section */

/* Begin PBXFileReference section */
		4D0CCDEE26A359B40054DBE3 /* CardContentConverter.swift */ = {isa = PBXFileReference; lastKnownFileType = sourcecode.swift; path = CardContentConverter.swift; sourceTree = "<group>"; };
		4DC4B89A26A05F0D00CCA4BF /* Set.app */ = {isa = PBXFileReference; explicitFileType = wrapper.application; includeInIndex = 0; path = Set.app; sourceTree = BUILT_PRODUCTS_DIR; };
		4DC4B89D26A05F0D00CCA4BF /* SetApp.swift */ = {isa = PBXFileReference; lastKnownFileType = sourcecode.swift; path = SetApp.swift; sourceTree = "<group>"; };
		4DC4B89F26A05F0D00CCA4BF /* SymbolSetGameView.swift */ = {isa = PBXFileReference; lastKnownFileType = sourcecode.swift; path = SymbolSetGameView.swift; sourceTree = "<group>"; };
		4DC4B8A126A05F0E00CCA4BF /* Assets.xcassets */ = {isa = PBXFileReference; lastKnownFileType = folder.assetcatalog; path = Assets.xcassets; sourceTree = "<group>"; };
		4DC4B8A426A05F0E00CCA4BF /* Preview Assets.xcassets */ = {isa = PBXFileReference; lastKnownFileType = folder.assetcatalog; path = "Preview Assets.xcassets"; sourceTree = "<group>"; };
		4DC4B8A626A05F0E00CCA4BF /* Info.plist */ = {isa = PBXFileReference; lastKnownFileType = text.plist.xml; path = Info.plist; sourceTree = "<group>"; };
		4DC4B8AD26A05FD200CCA4BF /* AspectVGrid.swift */ = {isa = PBXFileReference; lastKnownFileType = sourcecode.swift; path = AspectVGrid.swift; sourceTree = "<group>"; };
		4DC4B8B026A0627700CCA4BF /* SetGame.swift */ = {isa = PBXFileReference; lastKnownFileType = sourcecode.swift; path = SetGame.swift; sourceTree = "<group>"; };
		4DC4B8B326A0635700CCA4BF /* SymbolSetGame.swift */ = {isa = PBXFileReference; lastKnownFileType = sourcecode.swift; path = SymbolSetGame.swift; sourceTree = "<group>"; };
		4DC4B8BA26A1915000CCA4BF /* Diamond.swift */ = {isa = PBXFileReference; lastKnownFileType = sourcecode.swift; path = Diamond.swift; sourceTree = "<group>"; };
		4DC4B8BE26A1A85600CCA4BF /* SetGameCardContent.swift */ = {isa = PBXFileReference; lastKnownFileType = sourcecode.swift; path = SetGameCardContent.swift; sourceTree = "<group>"; };
/* End PBXFileReference section */

/* Begin PBXFrameworksBuildPhase section */
		4DC4B89726A05F0D00CCA4BF /* Frameworks */ = {
			isa = PBXFrameworksBuildPhase;
			buildActionMask = 2147483647;
			files = (
			);
			runOnlyForDeploymentPostprocessing = 0;
		};
/* End PBXFrameworksBuildPhase section */

/* Begin PBXGroup section */
		4DC4B89126A05F0D00CCA4BF = {
			isa = PBXGroup;
			children = (
				4DC4B89C26A05F0D00CCA4BF /* Set */,
				4DC4B89B26A05F0D00CCA4BF /* Products */,
			);
			sourceTree = "<group>";
		};
		4DC4B89B26A05F0D00CCA4BF /* Products */ = {
			isa = PBXGroup;
			children = (
				4DC4B89A26A05F0D00CCA4BF /* Set.app */,
			);
			name = Products;
			sourceTree = "<group>";
		};
		4DC4B89C26A05F0D00CCA4BF /* Set */ = {
			isa = PBXGroup;
			children = (
				4DC4B89D26A05F0D00CCA4BF /* SetApp.swift */,
				4DC4B8B026A0627700CCA4BF /* SetGame.swift */,
				4DC4B8B326A0635700CCA4BF /* SymbolSetGame.swift */,
				4DC4B8BE26A1A85600CCA4BF /* SetGameCardContent.swift */,
				4DC4B89F26A05F0D00CCA4BF /* SymbolSetGameView.swift */,
				4DC4B8AD26A05FD200CCA4BF /* AspectVGrid.swift */,
				4D0CCDEE26A359B40054DBE3 /* CardContentConverter.swift */,
				4DC4B8BA26A1915000CCA4BF /* Diamond.swift */,
				4DC4B8A126A05F0E00CCA4BF /* Assets.xcassets */,
				4DC4B8A626A05F0E00CCA4BF /* Info.plist */,
				4DC4B8A326A05F0E00CCA4BF /* Preview Content */,
			);
			path = Set;
			sourceTree = "<group>";
		};
		4DC4B8A326A05F0E00CCA4BF /* Preview Content */ = {
			isa = PBXGroup;
			children = (
				4DC4B8A426A05F0E00CCA4BF /* Preview Assets.xcassets */,
			);
			path = "Preview Content";
			sourceTree = "<group>";
		};
/* End PBXGroup section */

/* Begin PBXNativeTarget section */
		4DC4B89926A05F0D00CCA4BF /* Set */ = {
			isa = PBXNativeTarget;
			buildConfigurationList = 4DC4B8A926A05F0E00CCA4BF /* Build configuration list for PBXNativeTarget "Set" */;
			buildPhases = (
				4DC4B89626A05F0D00CCA4BF /* Sources */,
				4DC4B89726A05F0D00CCA4BF /* Frameworks */,
				4DC4B89826A05F0D00CCA4BF /* Resources */,
			);
			buildRules = (
			);
			dependencies = (
			);
			name = Set;
			productName = Set;
			productReference = 4DC4B89A26A05F0D00CCA4BF /* Set.app */;
			productType = "com.apple.product-type.application";
		};
/* End PBXNativeTarget section */

/* Begin PBXProject section */
		4DC4B89226A05F0D00CCA4BF /* Project object */ = {
			isa = PBXProject;
			attributes = {
				LastSwiftUpdateCheck = 1220;
				LastUpgradeCheck = 1220;
				TargetAttributes = {
					4DC4B89926A05F0D00CCA4BF = {
						CreatedOnToolsVersion = 12.2;
					};
				};
			};
			buildConfigurationList = 4DC4B89526A05F0D00CCA4BF /* Build configuration list for PBXProject "Set" */;
			compatibilityVersion = "Xcode 9.3";
			developmentRegion = en;
			hasScannedForEncodings = 0;
			knownRegions = (
				en,
				Base,
			);
			mainGroup = 4DC4B89126A05F0D00CCA4BF;
			productRefGroup = 4DC4B89B26A05F0D00CCA4BF /* Products */;
			projectDirPath = "";
			projectRoot = "";
			targets = (
				4DC4B89926A05F0D00CCA4BF /* Set */,
			);
		};
/* End PBXProject section */

/* Begin PBXResourcesBuildPhase section */
		4DC4B89826A05F0D00CCA4BF /* Resources */ = {
			isa = PBXResourcesBuildPhase;
			buildActionMask = 2147483647;
			files = (
				4DC4B8A526A05F0E00CCA4BF /* Preview Assets.xcassets in Resources */,
				4DC4B8A226A05F0E00CCA4BF /* Assets.xcassets in Resources */,
			);
			runOnlyForDeploymentPostprocessing = 0;
		};
/* End PBXResourcesBuildPhase section */

/* Begin PBXSourcesBuildPhase section */
		4DC4B89626A05F0D00CCA4BF /* Sources */ = {
			isa = PBXSourcesBuildPhase;
			buildActionMask = 2147483647;
			files = (
				4DC4B8BB26A1915000CCA4BF /* Diamond.swift in Sources */,
				4DC4B8B126A0627700CCA4BF /* SetGame.swift in Sources */,
				4D0CCDEF26A359B40054DBE3 /* CardContentConverter.swift in Sources */,
				4DC4B8A026A05F0D00CCA4BF /* SymbolSetGameView.swift in Sources */,
				4DC4B8BF26A1A85600CCA4BF /* SetGameCardContent.swift in Sources */,
				4DC4B8B426A0635700CCA4BF /* SymbolSetGame.swift in Sources */,
				4DC4B89E26A05F0D00CCA4BF /* SetApp.swift in Sources */,
				4DC4B8AE26A05FD200CCA4BF /* AspectVGrid.swift in Sources */,
			);
			runOnlyForDeploymentPostprocessing = 0;
		};
/* End PBXSourcesBuildPhase section */

/* Begin XCBuildConfiguration section */
		4DC4B8A726A05F0E00CCA4BF /* Debug */ = {
			isa = XCBuildConfiguration;
			buildSettings = {
				ALWAYS_SEARCH_USER_PATHS = NO;
				CLANG_ANALYZER_NONNULL = YES;
				CLANG_ANALYZER_NUMBER_OBJECT_CONVERSION = YES_AGGRESSIVE;
				CLANG_CXX_LANGUAGE_STANDARD = "gnu++14";
				CLANG_CXX_LIBRARY = "libc++";
				CLANG_ENABLE_MODULES = YES;
				CLANG_ENABLE_OBJC_ARC = YES;
				CLANG_ENABLE_OBJC_WEAK = YES;
				CLANG_WARN_BLOCK_CAPTURE_AUTORELEASING = YES;
				CLANG_WARN_BOOL_CONVERSION = YES;
				CLANG_WARN_COMMA = YES;
				CLANG_WARN_CONSTANT_CONVERSION = YES;
				CLANG_WARN_DEPRECATED_OBJC_IMPLEMENTATIONS = YES;
				CLANG_WARN_DIRECT_OBJC_ISA_USAGE = YES_ERROR;
				CLANG_WARN_DOCUMENTATION_COMMENTS = YES;
				CLANG_WARN_EMPTY_BODY = YES;
				CLANG_WARN_ENUM_CONVERSION = YES;
				CLANG_WARN_INFINITE_RECURSION = YES;
				CLANG_WARN_INT_CONVERSION = YES;
				CLANG_WARN_NON_LITERAL_NULL_CONVERSION = YES;
				CLANG_WARN_OBJC_IMPLICIT_RETAIN_SELF = YES;
				CLANG_WARN_OBJC_LITERAL_CONVERSION = YES;
				CLANG_WARN_OBJC_ROOT_CLASS = YES_ERROR;
				CLANG_WARN_QUOTED_INCLUDE_IN_FRAMEWORK_HEADER = YES;
				CLANG_WARN_RANGE_LOOP_ANALYSIS = YES;
				CLANG_WARN_STRICT_PROTOTYPES = YES;
				CLANG_WARN_SUSPICIOUS_MOVE = YES;
				CLANG_WARN_UNGUARDED_AVAILABILITY = YES_AGGRESSIVE;
				CLANG_WARN_UNREACHABLE_CODE = YES;
				CLANG_WARN__DUPLICATE_METHOD_MATCH = YES;
				COPY_PHASE_STRIP = NO;
				DEBUG_INFORMATION_FORMAT = dwarf;
				ENABLE_STRICT_OBJC_MSGSEND = YES;
				ENABLE_TESTABILITY = YES;
				GCC_C_LANGUAGE_STANDARD = gnu11;
				GCC_DYNAMIC_NO_PIC = NO;
				GCC_NO_COMMON_BLOCKS = YES;
				GCC_OPTIMIZATION_LEVEL = 0;
				GCC_PREPROCESSOR_DEFINITIONS = (
					"DEBUG=1",
					"$(inherited)",
				);
				GCC_WARN_64_TO_32_BIT_CONVERSION = YES;
				GCC_WARN_ABOUT_RETURN_TYPE = YES_ERROR;
				GCC_WARN_UNDECLARED_SELECTOR = YES;
				GCC_WARN_UNINITIALIZED_AUTOS = YES_AGGRESSIVE;
				GCC_WARN_UNUSED_FUNCTION = YES;
				GCC_WARN_UNUSED_VARIABLE = YES;
				IPHONEOS_DEPLOYMENT_TARGET = 14.2;
				MTL_ENABLE_DEBUG_INFO = INCLUDE_SOURCE;
				MTL_FAST_MATH = YES;
				ONLY_ACTIVE_ARCH = YES;
				SDKROOT = iphoneos;
				SWIFT_ACTIVE_COMPILATION_CONDITIONS = DEBUG;
				SWIFT_OPTIMIZATION_LEVEL = "-Onone";
			};
			name = Debug;
		};
		4DC4B8A826A05F0E00CCA4BF /* Release */ = {
			isa = XCBuildConfiguration;
			buildSettings = {
				ALWAYS_SEARCH_USER_PATHS = NO;
				CLANG_ANALYZER_NONNULL = YES;
				CLANG_ANALYZER_NUMBER_OBJECT_CONVERSION = YES_AGGRESSIVE;
				CLANG_CXX_LANGUAGE_STANDARD = "gnu++14";
				CLANG_CXX_LIBRARY = "libc++";
				CLANG_ENABLE_MODULES = YES;
				CLANG_ENABLE_OBJC_ARC = YES;
				CLANG_ENABLE_OBJC_WEAK = YES;
				CLANG_WARN_BLOCK_CAPTURE_AUTORELEASING = YES;
				CLANG_WARN_BOOL_CONVERSION = YES;
				CLANG_WARN_COMMA = YES;
				CLANG_WARN_CONSTANT_CONVERSION = YES;
				CLANG_WARN_DEPRECATED_OBJC_IMPLEMENTATIONS = YES;
				CLANG_WARN_DIRECT_OBJC_ISA_USAGE = YES_ERROR;
				CLANG_WARN_DOCUMENTATION_COMMENTS = YES;
				CLANG_WARN_EMPTY_BODY = YES;
				CLANG_WARN_ENUM_CONVERSION = YES;
				CLANG_WARN_INFINITE_RECURSION = YES;
				CLANG_WARN_INT_CONVERSION = YES;
				CLANG_WARN_NON_LITERAL_NULL_CONVERSION = YES;
				CLANG_WARN_OBJC_IMPLICIT_RETAIN_SELF = YES;
				CLANG_WARN_OBJC_LITERAL_CONVERSION = YES;
				CLANG_WARN_OBJC_ROOT_CLASS = YES_ERROR;
				CLANG_WARN_QUOTED_INCLUDE_IN_FRAMEWORK_HEADER = YES;
				CLANG_WARN_RANGE_LOOP_ANALYSIS = YES;
				CLANG_WARN_STRICT_PROTOTYPES = YES;
				CLANG_WARN_SUSPICIOUS_MOVE = YES;
				CLANG_WARN_UNGUARDED_AVAILABILITY = YES_AGGRESSIVE;
				CLANG_WARN_UNREACHABLE_CODE = YES;
				CLANG_WARN__DUPLICATE_METHOD_MATCH = YES;
				COPY_PHASE_STRIP = NO;
				DEBUG_INFORMATION_FORMAT = "dwarf-with-dsym";
				ENABLE_NS_ASSERTIONS = NO;
				ENABLE_STRICT_OBJC_MSGSEND = YES;
				GCC_C_LANGUAGE_STANDARD = gnu11;
				GCC_NO_COMMON_BLOCKS = YES;
				GCC_WARN_64_TO_32_BIT_CONVERSION = YES;
				GCC_WARN_ABOUT_RETURN_TYPE = YES_ERROR;
				GCC_WARN_UNDECLARED_SELECTOR = YES;
				GCC_WARN_UNINITIALIZED_AUTOS = YES_AGGRESSIVE;
				GCC_WARN_UNUSED_FUNCTION = YES;
				GCC_WARN_UNUSED_VARIABLE = YES;
				IPHONEOS_DEPLOYMENT_TARGET = 14.2;
				MTL_ENABLE_DEBUG_INFO = NO;
				MTL_FAST_MATH = YES;
				SDKROOT = iphoneos;
				SWIFT_COMPILATION_MODE = wholemodule;
				SWIFT_OPTIMIZATION_LEVEL = "-O";
				VALIDATE_PRODUCT = YES;
			};
			name = Release;
		};
		4DC4B8AA26A05F0E00CCA4BF /* Debug */ = {
			isa = XCBuildConfiguration;
			buildSettings = {
				ASSETCATALOG_COMPILER_APPICON_NAME = AppIcon;
				ASSETCATALOG_COMPILER_GLOBAL_ACCENT_COLOR_NAME = AccentColor;
				CODE_SIGN_STYLE = Automatic;
				DEVELOPMENT_ASSET_PATHS = "\"Set/Preview Content\"";
				DEVELOPMENT_TEAM = DF59J6BTJ5;
				ENABLE_PREVIEWS = YES;
				INFOPLIST_FILE = Set/Info.plist;
				IPHONEOS_DEPLOYMENT_TARGET = 14.0;
				LD_RUNPATH_SEARCH_PATHS = (
					"$(inherited)",
					"@executable_path/Frameworks",
				);
				PRODUCT_BUNDLE_IDENTIFIER = ChelaSoftware.Set;
				PRODUCT_NAME = "$(TARGET_NAME)";
				SWIFT_VERSION = 5.0;
				TARGETED_DEVICE_FAMILY = "1,2";
			};
			name = Debug;
		};
		4DC4B8AB26A05F0E00CCA4BF /* Release */ = {
			isa = XCBuildConfiguration;
			buildSettings = {
				ASSETCATALOG_COMPILER_APPICON_NAME = AppIcon;
				ASSETCATALOG_COMPILER_GLOBAL_ACCENT_COLOR_NAME = AccentColor;
				CODE_SIGN_STYLE = Automatic;
				DEVELOPMENT_ASSET_PATHS = "\"Set/Preview Content\"";
				DEVELOPMENT_TEAM = DF59J6BTJ5;
				ENABLE_PREVIEWS = YES;
				INFOPLIST_FILE = Set/Info.plist;
				IPHONEOS_DEPLOYMENT_TARGET = 14.0;
				LD_RUNPATH_SEARCH_PATHS = (
					"$(inherited)",
					"@executable_path/Frameworks",
				);
				PRODUCT_BUNDLE_IDENTIFIER = ChelaSoftware.Set;
				PRODUCT_NAME = "$(TARGET_NAME)";
				SWIFT_VERSION = 5.0;
				TARGETED_DEVICE_FAMILY = "1,2";
			};
			name = Release;
		};
/* End XCBuildConfiguration section */

/* Begin XCConfigurationList section */
		4DC4B89526A05F0D00CCA4BF /* Build configuration list for PBXProject "Set" */ = {
			isa = XCConfigurationList;
			buildConfigurations = (
				4DC4B8A726A05F0E00CCA4BF /* Debug */,
				4DC4B8A826A05F0E00CCA4BF /* Release */,
			);
			defaultConfigurationIsVisible = 0;
			defaultConfigurationName = Release;
		};
		4DC4B8A926A05F0E00CCA4BF /* Build configuration list for PBXNativeTarget "Set" */ = {
			isa = XCConfigurationList;
			buildConfigurations = (
				4DC4B8AA26A05F0E00CCA4BF /* Debug */,
				4DC4B8AB26A05F0E00CCA4BF /* Release */,
			);
			defaultConfigurationIsVisible = 0;
			defaultConfigurationName = Release;
		};
/* End XCConfigurationList section */
	};
	rootObject = 4DC4B89226A05F0D00CCA4BF /* Project object */;
}
